
Microsoft Visual Studio Solution File, Format Version 12.00
# Visual Studio Version 17
VisualStudioVersion = 17.2.32630.192
MinimumVisualStudioVersion = 10.0.40219.1
Project("{2150E333-8FDC-42A3-9474-1A3956D46DE8}") = "src", "src", "{FB816DFF-1CEF-4C8F-B8D3-D947A437752A}"
EndProject
Project("{2150E333-8FDC-42A3-9474-1A3956D46DE8}") = "Building Blocks", "Building Blocks", "{73CE2A9E-A337-4BDD-8729-75D211979E8D}"
EndProject
Project("{2150E333-8FDC-42A3-9474-1A3956D46DE8}") = "Services", "Services", "{EAE900DA-0F37-427A-BE60-9E0A85481B94}"
EndProject
Project("{2150E333-8FDC-42A3-9474-1A3956D46DE8}") = "Web", "Web", "{A11B0013-BD30-4942-AC90-079660C6416E}"
EndProject
Project("{2150E333-8FDC-42A3-9474-1A3956D46DE8}") = "Identidade", "Identidade", "{438C73BA-9EAD-4EBF-A386-EDD34F637304}"
EndProject
Project("{9A19103F-16F7-4668-BE54-9A1E7A4F7556}") = "NSE.Identidade.API", "NSE.Identidade.API\NSE.Identidade.API.csproj", "{9A30C6CA-141E-4482-858F-EC6F4BB6D848}"
EndProject
Project("{2150E333-8FDC-42A3-9474-1A3956D46DE8}") = "MVC", "MVC", "{8B03F7FD-89EA-4E32-8948-CC4CFF463E46}"
EndProject
Project("{9A19103F-16F7-4668-BE54-9A1E7A4F7556}") = "NSE.WebApp.MVC", "NSE.WebApp.MVC\NSE.WebApp.MVC.csproj", "{EAD9AB7C-DD1F-4205-8753-68079D3FCD52}"
EndProject
Project("{2150E333-8FDC-42A3-9474-1A3956D46DE8}") = "Core", "Core", "{694D9A1C-0CEB-4B90-8A86-5718C2C94E22}"
EndProject
Project("{9A19103F-16F7-4668-BE54-9A1E7A4F7556}") = "NSE.Core", "NSE.Core\NSE.Core.csproj", "{689A853A-6832-4775-A616-7AC0F2001461}"
EndProject
Project("{2150E333-8FDC-42A3-9474-1A3956D46DE8}") = "Carrinho", "Carrinho", "{807DEAA0-67DB-494C-A796-9B2AB6CF1310}"
EndProject
Project("{9A19103F-16F7-4668-BE54-9A1E7A4F7556}") = "NSE.Carrinho.API", "NSE.Carrinho.API\NSE.Carrinho.API.csproj", "{BFE94B82-AB76-4FF3-AE55-5607DEBDC007}"
EndProject
Project("{2150E333-8FDC-42A3-9474-1A3956D46DE8}") = "Catalogo", "Catalogo", "{19E26A57-D47E-47AD-B514-C0B888822AAA}"
EndProject
Project("{9A19103F-16F7-4668-BE54-9A1E7A4F7556}") = "NSE.Catalogo.API", "NSE.Catalogo.API\NSE.Catalogo.API.csproj", "{72F81E93-6483-4DB4-9B7C-2C56A94D6DA3}"
EndProject
Project("{2150E333-8FDC-42A3-9474-1A3956D46DE8}") = "Cliente", "Cliente", "{B2227EFF-0C0F-47CE-8F1C-3039383A9E0C}"
EndProject
Project("{9A19103F-16F7-4668-BE54-9A1E7A4F7556}") = "NSE.Cliente.API", "NSE.Cliente.API\NSE.Cliente.API.csproj", "{6B6EAEF8-E7E2-44DE-B8B0-7D72F605417A}"
EndProject
Project("{9A19103F-16F7-4668-BE54-9A1E7A4F7556}") = "NSE.Pagamento.APi", "NSE.Pagamento.APi\NSE.Pagamento.APi.csproj", "{4CD27DF3-6FFF-45D0-8EAA-302CDA42569E}"
EndProject
Project("{2150E333-8FDC-42A3-9474-1A3956D46DE8}") = "Pedido", "Pedido", "{7F3F68D1-8CD5-440D-AFAB-C5BA8211483E}"
EndProject
Project("{2150E333-8FDC-42A3-9474-1A3956D46DE8}") = "Pagamento", "Pagamento", "{CADA84AF-4FF4-4EE8-AE31-BE3EF934026B}"
EndProject
Project("{9A19103F-16F7-4668-BE54-9A1E7A4F7556}") = "NSE.Pedido.API", "NSE.Pedido.API\NSE.Pedido.API.csproj", "{F47C1B0E-752A-4A80-9CA6-3286F741120E}"
EndProject
Global
	GlobalSection(SolutionConfigurationPlatforms) = preSolution
		Debug|Any CPU = Debug|Any CPU
		Release|Any CPU = Release|Any CPU
	EndGlobalSection
	GlobalSection(ProjectConfigurationPlatforms) = postSolution
		{9A30C6CA-141E-4482-858F-EC6F4BB6D848}.Debug|Any CPU.ActiveCfg = Debug|Any CPU
		{9A30C6CA-141E-4482-858F-EC6F4BB6D848}.Debug|Any CPU.Build.0 = Debug|Any CPU
		{9A30C6CA-141E-4482-858F-EC6F4BB6D848}.Release|Any CPU.ActiveCfg = Release|Any CPU
		{9A30C6CA-141E-4482-858F-EC6F4BB6D848}.Release|Any CPU.Build.0 = Release|Any CPU
		{EAD9AB7C-DD1F-4205-8753-68079D3FCD52}.Debug|Any CPU.ActiveCfg = Debug|Any CPU
		{EAD9AB7C-DD1F-4205-8753-68079D3FCD52}.Debug|Any CPU.Build.0 = Debug|Any CPU
		{EAD9AB7C-DD1F-4205-8753-68079D3FCD52}.Release|Any CPU.ActiveCfg = Release|Any CPU
		{EAD9AB7C-DD1F-4205-8753-68079D3FCD52}.Release|Any CPU.Build.0 = Release|Any CPU
		{689A853A-6832-4775-A616-7AC0F2001461}.Debug|Any CPU.ActiveCfg = Debug|Any CPU
		{689A853A-6832-4775-A616-7AC0F2001461}.Debug|Any CPU.Build.0 = Debug|Any CPU
		{689A853A-6832-4775-A616-7AC0F2001461}.Release|Any CPU.ActiveCfg = Release|Any CPU
		{689A853A-6832-4775-A616-7AC0F2001461}.Release|Any CPU.Build.0 = Release|Any CPU
		{BFE94B82-AB76-4FF3-AE55-5607DEBDC007}.Debug|Any CPU.ActiveCfg = Debug|Any CPU
		{BFE94B82-AB76-4FF3-AE55-5607DEBDC007}.Debug|Any CPU.Build.0 = Debug|Any CPU
		{BFE94B82-AB76-4FF3-AE55-5607DEBDC007}.Release|Any CPU.ActiveCfg = Release|Any CPU
		{BFE94B82-AB76-4FF3-AE55-5607DEBDC007}.Release|Any CPU.Build.0 = Release|Any CPU
		{72F81E93-6483-4DB4-9B7C-2C56A94D6DA3}.Debug|Any CPU.ActiveCfg = Debug|Any CPU
		{72F81E93-6483-4DB4-9B7C-2C56A94D6DA3}.Debug|Any CPU.Build.0 = Debug|Any CPU
		{72F81E93-6483-4DB4-9B7C-2C56A94D6DA3}.Release|Any CPU.ActiveCfg = Release|Any CPU
		{72F81E93-6483-4DB4-9B7C-2C56A94D6DA3}.Release|Any CPU.Build.0 = Release|Any CPU
		{6B6EAEF8-E7E2-44DE-B8B0-7D72F605417A}.Debug|Any CPU.ActiveCfg = Debug|Any CPU
		{6B6EAEF8-E7E2-44DE-B8B0-7D72F605417A}.Debug|Any CPU.Build.0 = Debug|Any CPU
		{6B6EAEF8-E7E2-44DE-B8B0-7D72F605417A}.Release|Any CPU.ActiveCfg = Release|Any CPU
		{6B6EAEF8-E7E2-44DE-B8B0-7D72F605417A}.Release|Any CPU.Build.0 = Release|Any CPU
		{4CD27DF3-6FFF-45D0-8EAA-302CDA42569E}.Debug|Any CPU.ActiveCfg = Debug|Any CPU
		{4CD27DF3-6FFF-45D0-8EAA-302CDA42569E}.Debug|Any CPU.Build.0 = Debug|Any CPU
		{4CD27DF3-6FFF-45D0-8EAA-302CDA42569E}.Release|Any CPU.ActiveCfg = Release|Any CPU
		{4CD27DF3-6FFF-45D0-8EAA-302CDA42569E}.Release|Any CPU.Build.0 = Release|Any CPU
		{F47C1B0E-752A-4A80-9CA6-3286F741120E}.Debug|Any CPU.ActiveCfg = Debug|Any CPU
		{F47C1B0E-752A-4A80-9CA6-3286F741120E}.Debug|Any CPU.Build.0 = Debug|Any CPU
		{F47C1B0E-752A-4A80-9CA6-3286F741120E}.Release|Any CPU.ActiveCfg = Release|Any CPU
		{F47C1B0E-752A-4A80-9CA6-3286F741120E}.Release|Any CPU.Build.0 = Release|Any CPU
	EndGlobalSection
	GlobalSection(SolutionProperties) = preSolution
		HideSolutionNode = FALSE
	EndGlobalSection
	GlobalSection(NestedProjects) = preSolution
		{73CE2A9E-A337-4BDD-8729-75D211979E8D} = {FB816DFF-1CEF-4C8F-B8D3-D947A437752A}
		{EAE900DA-0F37-427A-BE60-9E0A85481B94} = {FB816DFF-1CEF-4C8F-B8D3-D947A437752A}
		{A11B0013-BD30-4942-AC90-079660C6416E} = {FB816DFF-1CEF-4C8F-B8D3-D947A437752A}
		{438C73BA-9EAD-4EBF-A386-EDD34F637304} = {EAE900DA-0F37-427A-BE60-9E0A85481B94}
		{9A30C6CA-141E-4482-858F-EC6F4BB6D848} = {438C73BA-9EAD-4EBF-A386-EDD34F637304}
		{8B03F7FD-89EA-4E32-8948-CC4CFF463E46} = {A11B0013-BD30-4942-AC90-079660C6416E}
		{EAD9AB7C-DD1F-4205-8753-68079D3FCD52} = {8B03F7FD-89EA-4E32-8948-CC4CFF463E46}
		{694D9A1C-0CEB-4B90-8A86-5718C2C94E22} = {73CE2A9E-A337-4BDD-8729-75D211979E8D}
		{689A853A-6832-4775-A616-7AC0F2001461} = {694D9A1C-0CEB-4B90-8A86-5718C2C94E22}
		{807DEAA0-67DB-494C-A796-9B2AB6CF1310} = {EAE900DA-0F37-427A-BE60-9E0A85481B94}
		{BFE94B82-AB76-4FF3-AE55-5607DEBDC007} = {807DEAA0-67DB-494C-A796-9B2AB6CF1310}
		{19E26A57-D47E-47AD-B514-C0B888822AAA} = {EAE900DA-0F37-427A-BE60-9E0A85481B94}
		{72F81E93-6483-4DB4-9B7C-2C56A94D6DA3} = {19E26A57-D47E-47AD-B514-C0B888822AAA}
		{B2227EFF-0C0F-47CE-8F1C-3039383A9E0C} = {EAE900DA-0F37-427A-BE60-9E0A85481B94}
		{6B6EAEF8-E7E2-44DE-B8B0-7D72F605417A} = {B2227EFF-0C0F-47CE-8F1C-3039383A9E0C}
		{4CD27DF3-6FFF-45D0-8EAA-302CDA42569E} = {CADA84AF-4FF4-4EE8-AE31-BE3EF934026B}
		{7F3F68D1-8CD5-440D-AFAB-C5BA8211483E} = {EAE900DA-0F37-427A-BE60-9E0A85481B94}
		{CADA84AF-4FF4-4EE8-AE31-BE3EF934026B} = {EAE900DA-0F37-427A-BE60-9E0A85481B94}
		{F47C1B0E-752A-4A80-9CA6-3286F741120E} = {7F3F68D1-8CD5-440D-AFAB-C5BA8211483E}
	EndGlobalSection
	GlobalSection(ExtensibilityGlobals) = postSolution
		SolutionGuid = {4601B4AF-938A-42DC-8960-FC43F88BB9BC}
	EndGlobalSection
EndGlobal
